
Microsoft Visual Studio Solution File, Format Version 12.00
# Visual Studio Version 17
VisualStudioVersion = 17.13.35828.75 d17.13
MinimumVisualStudioVersion = 10.0.40219.1
Project("{FAE04EC0-301F-11D3-BF4B-00C04F79EFBC}") = "KOS BU IPUNG PBO", "KOS BU IPUNG PBO\KOS BU IPUNG PBO.csproj", "{08475006-3092-4959-95CA-51DECBC9EDA7}"
EndProject
Global
	GlobalSection(SolutionConfigurationPlatforms) = preSolution
		Debug|Any CPU = Debug|Any CPU
		Release|Any CPU = Release|Any CPU
	EndGlobalSection
	GlobalSection(ProjectConfigurationPlatforms) = postSolution
		{08475006-3092-4959-95CA-51DECBC9EDA7}.Debug|Any CPU.ActiveCfg = Debug|Any CPU
		{08475006-3092-4959-95CA-51DECBC9EDA7}.Debug|Any CPU.Build.0 = Debug|Any CPU
		{08475006-3092-4959-95CA-51DECBC9EDA7}.Release|Any CPU.ActiveCfg = Release|Any CPU
		{08475006-3092-4959-95CA-51DECBC9EDA7}.Release|Any CPU.Build.0 = Release|Any CPU
	EndGlobalSection
	GlobalSection(SolutionProperties) = preSolution
		HideSolutionNode = FALSE
	EndGlobalSection
	GlobalSection(ExtensibilityGlobals) = postSolution
		SolutionGuid = {5A8D8FD0-2806-409A-8153-56B59325834D}
	EndGlobalSection
EndGlobal
